github.com/bsagat/envzilla v0.0.0-20250509075541-bfab9e1e8dc3 h1:TMANM505PcGsGlcyr5F/GyRbNTQzRIpYfvl8qwYihSU=
github.com/bsagat/envzilla v0.0.0-20250509075541-bfab9e1e8dc3/go.mod h1:7CId5gr+NPPjIcLF6GtdZPyt4ZHiXd1NbOB4W2jQl60=
github.com/lib/pq v1.10.9 h1:YXG7RB+JIjhP29X+OtkiDnYaXQwpS4JEWq7dtCCRUEw=
github.com/lib/pq v1.10.9/go.mod h1:AlVN5x4E4T544tWzH6hKfbfQvm3HdbOxrmggDNAPY9o=
